
Microsoft Visual Studio Solution File, Format Version 12.00
# Visual Studio Version 17
VisualStudioVersion = 17.0.32014.148
MinimumVisualStudioVersion = 10.0.40219.1
Project("{FAE04EC0-301F-11D3-BF4B-00C04F79EFBC}") = "Project1", "Project1\Project1.csproj", "{816E1A59-AB24-41FD-BFAB-9609446D383C}"
EndProject
Global
	GlobalSection(SolutionConfigurationPlatforms) = preSolution
		Debug|Any CPU = Debug|Any CPU
		Release|Any CPU = Release|Any CPU
	EndGlobalSection
	GlobalSection(ProjectConfigurationPlatforms) = postSolution
		{816E1A59-AB24-41FD-BFAB-9609446D383C}.Debug|Any CPU.ActiveCfg = Debug|Any CPU
		{816E1A59-AB24-41FD-BFAB-9609446D383C}.Debug|Any CPU.Build.0 = Debug|Any CPU
		{816E1A59-AB24-41FD-BFAB-9609446D383C}.Release|Any CPU.ActiveCfg = Release|Any CPU
		{816E1A59-AB24-41FD-BFAB-9609446D383C}.Release|Any CPU.Build.0 = Release|Any CPU
	EndGlobalSection
	GlobalSection(SolutionProperties) = preSolution
		HideSolutionNode = FALSE
	EndGlobalSection
	GlobalSection(ExtensibilityGlobals) = postSolution
		SolutionGuid = {8B3443C8-5253-4DAB-A6E1-C8D17C02199C}
	EndGlobalSection
EndGlobal
